
Microsoft Visual Studio Solution File, Format Version 12.00
# Visual Studio Version 17
VisualStudioVersion = 17.6.33829.357
MinimumVisualStudioVersion = 10.0.40219.1
Project("{FAE04EC0-301F-11D3-BF4B-00C04F79EFBC}") = "SuperHeroAPI", "SuperHeroAPI\SuperHeroAPI.csproj", "{893111DE-CEED-448D-A7AD-3D85EC47561D}"
EndProject
Global
	GlobalSection(SolutionConfigurationPlatforms) = preSolution
		Debug|Any CPU = Debug|Any CPU
		Release|Any CPU = Release|Any CPU
	EndGlobalSection
	GlobalSection(ProjectConfigurationPlatforms) = postSolution
		{893111DE-CEED-448D-A7AD-3D85EC47561D}.Debug|Any CPU.ActiveCfg = Debug|Any CPU
		{893111DE-CEED-448D-A7AD-3D85EC47561D}.Debug|Any CPU.Build.0 = Debug|Any CPU
		{893111DE-CEED-448D-A7AD-3D85EC47561D}.Release|Any CPU.ActiveCfg = Release|Any CPU
		{893111DE-CEED-448D-A7AD-3D85EC47561D}.Release|Any CPU.Build.0 = Release|Any CPU
	EndGlobalSection
	GlobalSection(SolutionProperties) = preSolution
		HideSolutionNode = FALSE
	EndGlobalSection
	GlobalSection(ExtensibilityGlobals) = postSolution
		SolutionGuid = {B20E96E2-6555-485B-96DE-C3B28884C948}
	EndGlobalSection
EndGlobal
